
Microsoft Visual Studio Solution File, Format Version 10.00
# Visual Studio 2008
Project("{FAE04EC0-301F-11D3-BF4B-00C04F79EFBC}") = "CRySTALServiceHost", "CRySTOLServiceHost\CRySTALServiceHost.csproj", "{57D0984F-BF68-4500-8C35-C3A75AF59814}"
EndProject
Project("{FAE04EC0-301F-11D3-BF4B-00C04F79EFBC}") = "CRySTAL", "CRySTAL\CRySTAL.csproj", "{6F6E3F6A-4B2D-4992-89EC-DF13F5E09AE7}"
EndProject
Project("{E24C65DC-7377-472B-9ABA-BC803B73C61A}") = "CRySTALWebhost", "CRySTALWebhost\", "{5786DA3F-0AB5-438F-B84D-9810C0C4D372}"
	ProjectSection(WebsiteProperties) = preProject
		TargetFramework = "3.5"
		ProjectReferences = "{6F6E3F6A-4B2D-4992-89EC-DF13F5E09AE7}|CRySTAL.dll;"
		Debug.AspNetCompiler.VirtualPath = "/CRySTALWebhost"
		Debug.AspNetCompiler.PhysicalPath = "CRySTALWebhost\"
		Debug.AspNetCompiler.TargetPath = "PrecompiledWeb\CRySTALWebhost\"
		Debug.AspNetCompiler.Updateable = "true"
		Debug.AspNetCompiler.ForceOverwrite = "true"
		Debug.AspNetCompiler.FixedNames = "false"
		Debug.AspNetCompiler.Debug = "True"
		Release.AspNetCompiler.VirtualPath = "/CRySTALWebhost"
		Release.AspNetCompiler.PhysicalPath = "CRySTALWebhost\"
		Release.AspNetCompiler.TargetPath = "PrecompiledWeb\CRySTALWebhost\"
		Release.AspNetCompiler.Updateable = "true"
		Release.AspNetCompiler.ForceOverwrite = "true"
		Release.AspNetCompiler.FixedNames = "false"
		Release.AspNetCompiler.Debug = "False"
		VWDPort = "53834"
		DefaultWebSiteLanguage = "Visual C#"
	EndProjectSection
EndProject
Global
	GlobalSection(SolutionConfigurationPlatforms) = preSolution
		Debug|.NET = Debug|.NET
		Debug|Any CPU = Debug|Any CPU
		Debug|Mixed Platforms = Debug|Mixed Platforms
		Release|.NET = Release|.NET
		Release|Any CPU = Release|Any CPU
		Release|Mixed Platforms = Release|Mixed Platforms
	EndGlobalSection
	GlobalSection(ProjectConfigurationPlatforms) = postSolution
		{57D0984F-BF68-4500-8C35-C3A75AF59814}.Debug|.NET.ActiveCfg = Debug|Any CPU
		{57D0984F-BF68-4500-8C35-C3A75AF59814}.Debug|Any CPU.ActiveCfg = Debug|Any CPU
		{57D0984F-BF68-4500-8C35-C3A75AF59814}.Debug|Any CPU.Build.0 = Debug|Any CPU
		{57D0984F-BF68-4500-8C35-C3A75AF59814}.Debug|Mixed Platforms.ActiveCfg = Debug|Any CPU
		{57D0984F-BF68-4500-8C35-C3A75AF59814}.Debug|Mixed Platforms.Build.0 = Debug|Any CPU
		{57D0984F-BF68-4500-8C35-C3A75AF59814}.Release|.NET.ActiveCfg = Release|Any CPU
		{57D0984F-BF68-4500-8C35-C3A75AF59814}.Release|Any CPU.ActiveCfg = Release|Any CPU
		{57D0984F-BF68-4500-8C35-C3A75AF59814}.Release|Any CPU.Build.0 = Release|Any CPU
		{57D0984F-BF68-4500-8C35-C3A75AF59814}.Release|Mixed Platforms.ActiveCfg = Release|Any CPU
		{57D0984F-BF68-4500-8C35-C3A75AF59814}.Release|Mixed Platforms.Build.0 = Release|Any CPU
		{6F6E3F6A-4B2D-4992-89EC-DF13F5E09AE7}.Debug|.NET.ActiveCfg = Debug|Any CPU
		{6F6E3F6A-4B2D-4992-89EC-DF13F5E09AE7}.Debug|Any CPU.ActiveCfg = Debug|Any CPU
		{6F6E3F6A-4B2D-4992-89EC-DF13F5E09AE7}.Debug|Any CPU.Build.0 = Debug|Any CPU
		{6F6E3F6A-4B2D-4992-89EC-DF13F5E09AE7}.Debug|Mixed Platforms.ActiveCfg = Debug|Any CPU
		{6F6E3F6A-4B2D-4992-89EC-DF13F5E09AE7}.Debug|Mixed Platforms.Build.0 = Debug|Any CPU
		{6F6E3F6A-4B2D-4992-89EC-DF13F5E09AE7}.Release|.NET.ActiveCfg = Release|Any CPU
		{6F6E3F6A-4B2D-4992-89EC-DF13F5E09AE7}.Release|Any CPU.ActiveCfg = Release|Any CPU
		{6F6E3F6A-4B2D-4992-89EC-DF13F5E09AE7}.Release|Any CPU.Build.0 = Release|Any CPU
		{6F6E3F6A-4B2D-4992-89EC-DF13F5E09AE7}.Release|Mixed Platforms.ActiveCfg = Release|Any CPU
		{6F6E3F6A-4B2D-4992-89EC-DF13F5E09AE7}.Release|Mixed Platforms.Build.0 = Release|Any CPU
		{5786DA3F-0AB5-438F-B84D-9810C0C4D372}.Debug|.NET.ActiveCfg = Debug|.NET
		{5786DA3F-0AB5-438F-B84D-9810C0C4D372}.Debug|.NET.Build.0 = Debug|.NET
		{5786DA3F-0AB5-438F-B84D-9810C0C4D372}.Debug|Any CPU.ActiveCfg = Debug|.NET
		{5786DA3F-0AB5-438F-B84D-9810C0C4D372}.Debug|Mixed Platforms.ActiveCfg = Debug|.NET
		{5786DA3F-0AB5-438F-B84D-9810C0C4D372}.Debug|Mixed Platforms.Build.0 = Debug|.NET
		{5786DA3F-0AB5-438F-B84D-9810C0C4D372}.Release|.NET.ActiveCfg = Debug|.NET
		{5786DA3F-0AB5-438F-B84D-9810C0C4D372}.Release|.NET.Build.0 = Debug|.NET
		{5786DA3F-0AB5-438F-B84D-9810C0C4D372}.Release|Any CPU.ActiveCfg = Debug|.NET
		{5786DA3F-0AB5-438F-B84D-9810C0C4D372}.Release|Mixed Platforms.ActiveCfg = Debug|.NET
		{5786DA3F-0AB5-438F-B84D-9810C0C4D372}.Release|Mixed Platforms.Build.0 = Debug|.NET
	EndGlobalSection
	GlobalSection(SolutionProperties) = preSolution
		HideSolutionNode = FALSE
	EndGlobalSection
EndGlobal
