
Microsoft Visual Studio Solution File, Format Version 10.00
# Visual Studio 2008
Project("{FAE04EC0-301F-11D3-BF4B-00C04F79EFBC}") = "CRySTALServiceHost", "CRySTOLServiceHost\CRySTALServiceHost.csproj", "{57D0984F-BF68-4500-8C35-C3A75AF59814}"
EndProject
Project("{FAE04EC0-301F-11D3-BF4B-00C04F79EFBC}") = "CRySTAL", "CRySTAL\CRySTAL.csproj", "{6F6E3F6A-4B2D-4992-89EC-DF13F5E09AE7}"
EndProject
Global
	GlobalSection(SolutionConfigurationPlatforms) = preSolution
		Debug|Any CPU = Debug|Any CPU
		Release|Any CPU = Release|Any CPU
	EndGlobalSection
	GlobalSection(ProjectConfigurationPlatforms) = postSolution
		{57D0984F-BF68-4500-8C35-C3A75AF59814}.Debug|Any CPU.ActiveCfg = Debug|Any CPU
		{57D0984F-BF68-4500-8C35-C3A75AF59814}.Debug|Any CPU.Build.0 = Debug|Any CPU
		{57D0984F-BF68-4500-8C35-C3A75AF59814}.Release|Any CPU.ActiveCfg = Release|Any CPU
		{57D0984F-BF68-4500-8C35-C3A75AF59814}.Release|Any CPU.Build.0 = Release|Any CPU
		{6F6E3F6A-4B2D-4992-89EC-DF13F5E09AE7}.Debug|Any CPU.ActiveCfg = Debug|Any CPU
		{6F6E3F6A-4B2D-4992-89EC-DF13F5E09AE7}.Debug|Any CPU.Build.0 = Debug|Any CPU
		{6F6E3F6A-4B2D-4992-89EC-DF13F5E09AE7}.Release|Any CPU.ActiveCfg = Release|Any CPU
		{6F6E3F6A-4B2D-4992-89EC-DF13F5E09AE7}.Release|Any CPU.Build.0 = Release|Any CPU
	EndGlobalSection
	GlobalSection(SolutionProperties) = preSolution
		HideSolutionNode = FALSE
	EndGlobalSection
EndGlobal
